
Microsoft Visual Studio Solution File, Format Version 12.00
# Visual Studio 15
VisualStudioVersion = 15.0.28307.102
MinimumVisualStudioVersion = 10.0.40219.1
Project("{9A19103F-16F7-4668-BE54-9A1E7A4F7556}") = "WebServiceComposition.Domain", "Domain\WebServiceComposition.Domain.csproj", "{549BA5B7-8414-4AE5-AE15-A850C775D1E4}"
EndProject
Project("{9A19103F-16F7-4668-BE54-9A1E7A4F7556}") = "WebServiceCompositionService", "Service\WebServiceCompositionService.csproj", "{89E8A7D2-2310-45D7-B4ED-D74AECF6B8D7}"
EndProject
Project("{9A19103F-16F7-4668-BE54-9A1E7A4F7556}") = "WebServiceComposition.Cli", "Cli\WebServiceComposition.Cli.csproj", "{A1073510-3AFA-45F2-955F-FCB4B3D1CA47}"
EndProject
Project("{9A19103F-16F7-4668-BE54-9A1E7A4F7556}") = "WebServiceComposition.Algorithms.Ica", "Domain.Algorithms.Ica\WebServiceComposition.Algorithms.Ica.csproj", "{6CFC8E71-5F34-4CE6-92B7-6AB90A3254D0}"
EndProject
Project("{FAE04EC0-301F-11D3-BF4B-00C04F79EFBC}") = "WebServiceComposition.Algorithms.Pso", "WebServiceComposition.Algorithms.Pso\WebServiceComposition.Algorithms.Pso.csproj", "{BC246845-24F9-411D-83C2-6FF8F4BAE63A}"
EndProject
Global
	GlobalSection(SolutionConfigurationPlatforms) = preSolution
		Debug|Any CPU = Debug|Any CPU
		Release|Any CPU = Release|Any CPU
	EndGlobalSection
	GlobalSection(ProjectConfigurationPlatforms) = postSolution
		{549BA5B7-8414-4AE5-AE15-A850C775D1E4}.Debug|Any CPU.ActiveCfg = Debug|Any CPU
		{549BA5B7-8414-4AE5-AE15-A850C775D1E4}.Debug|Any CPU.Build.0 = Debug|Any CPU
		{549BA5B7-8414-4AE5-AE15-A850C775D1E4}.Release|Any CPU.ActiveCfg = Release|Any CPU
		{549BA5B7-8414-4AE5-AE15-A850C775D1E4}.Release|Any CPU.Build.0 = Release|Any CPU
		{89E8A7D2-2310-45D7-B4ED-D74AECF6B8D7}.Debug|Any CPU.ActiveCfg = Debug|Any CPU
		{89E8A7D2-2310-45D7-B4ED-D74AECF6B8D7}.Debug|Any CPU.Build.0 = Debug|Any CPU
		{89E8A7D2-2310-45D7-B4ED-D74AECF6B8D7}.Release|Any CPU.ActiveCfg = Release|Any CPU
		{89E8A7D2-2310-45D7-B4ED-D74AECF6B8D7}.Release|Any CPU.Build.0 = Release|Any CPU
		{A1073510-3AFA-45F2-955F-FCB4B3D1CA47}.Debug|Any CPU.ActiveCfg = Debug|Any CPU
		{A1073510-3AFA-45F2-955F-FCB4B3D1CA47}.Debug|Any CPU.Build.0 = Debug|Any CPU
		{A1073510-3AFA-45F2-955F-FCB4B3D1CA47}.Release|Any CPU.ActiveCfg = Release|Any CPU
		{A1073510-3AFA-45F2-955F-FCB4B3D1CA47}.Release|Any CPU.Build.0 = Release|Any CPU
		{6CFC8E71-5F34-4CE6-92B7-6AB90A3254D0}.Debug|Any CPU.ActiveCfg = Debug|Any CPU
		{6CFC8E71-5F34-4CE6-92B7-6AB90A3254D0}.Debug|Any CPU.Build.0 = Debug|Any CPU
		{6CFC8E71-5F34-4CE6-92B7-6AB90A3254D0}.Release|Any CPU.ActiveCfg = Release|Any CPU
		{6CFC8E71-5F34-4CE6-92B7-6AB90A3254D0}.Release|Any CPU.Build.0 = Release|Any CPU
		{BC246845-24F9-411D-83C2-6FF8F4BAE63A}.Debug|Any CPU.ActiveCfg = Debug|Any CPU
		{BC246845-24F9-411D-83C2-6FF8F4BAE63A}.Debug|Any CPU.Build.0 = Debug|Any CPU
		{BC246845-24F9-411D-83C2-6FF8F4BAE63A}.Release|Any CPU.ActiveCfg = Release|Any CPU
		{BC246845-24F9-411D-83C2-6FF8F4BAE63A}.Release|Any CPU.Build.0 = Release|Any CPU
	EndGlobalSection
	GlobalSection(SolutionProperties) = preSolution
		HideSolutionNode = FALSE
	EndGlobalSection
	GlobalSection(ExtensibilityGlobals) = postSolution
		SolutionGuid = {29A31D76-B0EF-4CE7-B5B1-D6BBBF623E41}
	EndGlobalSection
EndGlobal
